
Microsoft Visual Studio Solution File, Format Version 12.00
# Visual Studio Version 17
VisualStudioVersion = 17.2.32616.157
MinimumVisualStudioVersion = 10.0.40219.1
Project("{8BC9CEB8-8B4A-11D0-8D11-00A0C91BC942}") = "MyFirstProject", "MyFirstProject\MyFirstProject.vcxproj", "{E3F0616F-BF32-4FA9-953D-24A7F13E15F9}"
EndProject
Project("{8BC9CEB8-8B4A-11D0-8D11-00A0C91BC942}") = "Exo2", "Exo2\Exo2.vcxproj", "{371A5289-5D56-4B6C-A1E4-3372E0E5DC83}"
EndProject
Project("{8BC9CEB8-8B4A-11D0-8D11-00A0C91BC942}") = "MethodParameter", "MethodParameter\MethodParameter.vcxproj", "{46E02F49-203D-4677-8DD3-4859B714D654}"
EndProject
Project("{8BC9CEB8-8B4A-11D0-8D11-00A0C91BC942}") = "Exo param", "Exo param\Exo param.vcxproj", "{71FD8832-9E0E-4029-B5B7-AC3CE474D207}"
EndProject
Project("{8BC9CEB8-8B4A-11D0-8D11-00A0C91BC942}") = "Calculatrice", "Calculatrice\Calculatrice.vcxproj", "{60342020-411D-4C9D-9AA3-C47305A458CA}"
EndProject
Project("{8BC9CEB8-8B4A-11D0-8D11-00A0C91BC942}") = "Correction calculatrice", "Correction calculatrice\Correction calculatrice.vcxproj", "{6E02790C-40CF-4575-9162-A3F543DCE7B9}"
EndProject
Project("{8BC9CEB8-8B4A-11D0-8D11-00A0C91BC942}") = "Exo Calculatrice et contact", "Exo Calculatrice\Exo Calculatrice.vcxproj", "{F21DE631-524F-40E8-BBAE-EA9C39426443}"
EndProject
Project("{8BC9CEB8-8B4A-11D0-8D11-00A0C91BC942}") = "Variable Temp", "Variable Temp\Variable Temp.vcxproj", "{8CA72A34-3CBE-4C70-BD7C-0086D59E15B2}"
EndProject
Project("{8BC9CEB8-8B4A-11D0-8D11-00A0C91BC942}") = "Condition", "Condition\Condition.vcxproj", "{E05E39B9-01E1-4B0F-A872-C979143BB25E}"
EndProject
Project("{8BC9CEB8-8B4A-11D0-8D11-00A0C91BC942}") = "Exo Condition", "Exo Condition\Exo Condition.vcxproj", "{A8BCF34D-E437-48D9-B9FE-6DF53ED5C6EC}"
EndProject
Project("{8BC9CEB8-8B4A-11D0-8D11-00A0C91BC942}") = "Bool", "Bool\Bool.vcxproj", "{A057A877-AEE5-4291-8822-9878F4C38899}"
EndProject
Project("{8BC9CEB8-8B4A-11D0-8D11-00A0C91BC942}") = "Correction Bool", "Correction Bool\Correction Bool.vcxproj", "{31D3E6DE-51F6-412E-A509-6B7D7A0118AA}"
EndProject
Project("{8BC9CEB8-8B4A-11D0-8D11-00A0C91BC942}") = "Convertiseur", "Convertiseur\Convertiseur.vcxproj", "{4F8AE442-1A6C-4C40-A2C2-433D0CF6D572}"
EndProject
Project("{8BC9CEB8-8B4A-11D0-8D11-00A0C91BC942}") = "Correction Convertiseur", "Correction Convertiseur\Correction Convertiseur.vcxproj", "{2DD64042-D7B5-4727-BAEB-ACAC58B6D400}"
EndProject
Project("{8BC9CEB8-8B4A-11D0-8D11-00A0C91BC942}") = "Correction traducteur", "Correction traducteur\Correction traducteur.vcxproj", "{E0241F63-8E3D-45FF-B156-EF322F06BFEE}"
EndProject
Project("{8BC9CEB8-8B4A-11D0-8D11-00A0C91BC942}") = "Ternaire", "Ternaire\Ternaire.vcxproj", "{ABF012A9-CF82-4244-97AF-17EC825F225D}"
EndProject
Project("{8BC9CEB8-8B4A-11D0-8D11-00A0C91BC942}") = "Tab loop", "Tableaux\Tableaux.vcxproj", "{D402EF74-4F53-4BD4-B3C0-EFD3533380A4}"
EndProject
Project("{8BC9CEB8-8B4A-11D0-8D11-00A0C91BC942}") = "Mon programme", "Mon programme\Mon programme.vcxproj", "{1D3FFB63-5146-4190-8619-64F7DBA93722}"
EndProject
Project("{8BC9CEB8-8B4A-11D0-8D11-00A0C91BC942}") = "Calcultor Stock", "Calcultor Stock\Calcultor Stock.vcxproj", "{9981E16A-D608-44FA-A7FA-DD5BE9CCE402}"
EndProject
Project("{8BC9CEB8-8B4A-11D0-8D11-00A0C91BC942}") = "hang", "ahang\ahang.vcxproj", "{CDEE817D-BDC0-46E1-9E5C-278C7D8408A9}"
EndProject
Project("{8BC9CEB8-8B4A-11D0-8D11-00A0C91BC942}") = "2D tab", "2D tab\2D tab.vcxproj", "{1307D70F-D508-4CBB-AAFF-50362C5F14AC}"
EndProject
Project("{8BC9CEB8-8B4A-11D0-8D11-00A0C91BC942}") = "Morpion", "Exo tab 2D\Exo tab 2D.vcxproj", "{398F687A-7E49-44F4-95DD-94B0B682B01A}"
EndProject
Project("{8BC9CEB8-8B4A-11D0-8D11-00A0C91BC942}") = "Correction Morpion", "Correction Morpion\Correction Morpion.vcxproj", "{1D1A2419-C1F4-4528-B8C6-D3433DA4BDCB}"
EndProject
Project("{8BC9CEB8-8B4A-11D0-8D11-00A0C91BC942}") = "Temple de Monkü", "Temple de Monkü\Temple de Monkü.vcxproj", "{3F1201C9-044C-4DB0-9220-01CCBB7CF15B}"
EndProject
Project("{8BC9CEB8-8B4A-11D0-8D11-00A0C91BC942}") = "Correction Temple de Monku", "Correction Temple de Monku\Correction Temple de Monku.vcxproj", "{A0492FBB-6012-45C4-9E81-8949D12358A5}"
EndProject
Project("{8BC9CEB8-8B4A-11D0-8D11-00A0C91BC942}") = "Random", "Random\Random.vcxproj", "{17F42732-5656-452D-B43E-697040D2CE96}"
EndProject
Project("{8BC9CEB8-8B4A-11D0-8D11-00A0C91BC942}") = "Jardinier", "Polymorphie Base\Polymorphie Base.vcxproj", "{6B811061-F8F8-436A-8490-B0E08EDD95B9}"
EndProject
Project("{8BC9CEB8-8B4A-11D0-8D11-00A0C91BC942}") = "pointeur", "pointeur\pointeur.vcxproj", "{A1219435-7A15-4313-90A7-4A9406083ED7}"
EndProject
Project("{8BC9CEB8-8B4A-11D0-8D11-00A0C91BC942}") = "Exo pointeur", "Exo pointeur\Exo pointeur.vcxproj", "{B63DA882-1904-4C98-98E9-8141B66F346C}"
EndProject
Project("{8BC9CEB8-8B4A-11D0-8D11-00A0C91BC942}") = "Tableau pointeur", "Tableau pointeur\Tableau pointeur.vcxproj", "{BE249D2B-39C5-4178-8BF0-C291EE03E02D}"
EndProject
Project("{8BC9CEB8-8B4A-11D0-8D11-00A0C91BC942}") = "Exo Tab Pointeur", "Exo Tab Pointeur\Exo Tab Pointeur.vcxproj", "{AA1E1F99-A4A2-4976-BD70-7DA034A0447B}"
EndProject
Project("{8BC9CEB8-8B4A-11D0-8D11-00A0C91BC942}") = "correction Tab pointeur", "correction Tab pointeur\correction Tab pointeur.vcxproj", "{3788078A-2164-4985-8A4E-B7F8B0815BF5}"
EndProject
Project("{8BC9CEB8-8B4A-11D0-8D11-00A0C91BC942}") = "Exo Laby", "Exo Laby\Exo Laby.vcxproj", "{A6FAEBAA-48BE-4BE3-BB30-C53FCEE1B8F2}"
EndProject
Project("{8BC9CEB8-8B4A-11D0-8D11-00A0C91BC942}") = "correction laby", "correction laby\correction laby.vcxproj", "{B80A68DD-21B6-4105-AE1E-E34562C5B168}"
EndProject
Global
	GlobalSection(SolutionConfigurationPlatforms) = preSolution
		Debug|x64 = Debug|x64
		Debug|x86 = Debug|x86
		Release|x64 = Release|x64
		Release|x86 = Release|x86
	EndGlobalSection
	GlobalSection(ProjectConfigurationPlatforms) = postSolution
		{E3F0616F-BF32-4FA9-953D-24A7F13E15F9}.Debug|x64.ActiveCfg = Debug|x64
		{E3F0616F-BF32-4FA9-953D-24A7F13E15F9}.Debug|x64.Build.0 = Debug|x64
		{E3F0616F-BF32-4FA9-953D-24A7F13E15F9}.Debug|x86.ActiveCfg = Debug|Win32
		{E3F0616F-BF32-4FA9-953D-24A7F13E15F9}.Debug|x86.Build.0 = Debug|Win32
		{E3F0616F-BF32-4FA9-953D-24A7F13E15F9}.Release|x64.ActiveCfg = Release|x64
		{E3F0616F-BF32-4FA9-953D-24A7F13E15F9}.Release|x64.Build.0 = Release|x64
		{E3F0616F-BF32-4FA9-953D-24A7F13E15F9}.Release|x86.ActiveCfg = Release|Win32
		{E3F0616F-BF32-4FA9-953D-24A7F13E15F9}.Release|x86.Build.0 = Release|Win32
		{371A5289-5D56-4B6C-A1E4-3372E0E5DC83}.Debug|x64.ActiveCfg = Debug|x64
		{371A5289-5D56-4B6C-A1E4-3372E0E5DC83}.Debug|x64.Build.0 = Debug|x64
		{371A5289-5D56-4B6C-A1E4-3372E0E5DC83}.Debug|x86.ActiveCfg = Debug|Win32
		{371A5289-5D56-4B6C-A1E4-3372E0E5DC83}.Debug|x86.Build.0 = Debug|Win32
		{371A5289-5D56-4B6C-A1E4-3372E0E5DC83}.Release|x64.ActiveCfg = Release|x64
		{371A5289-5D56-4B6C-A1E4-3372E0E5DC83}.Release|x64.Build.0 = Release|x64
		{371A5289-5D56-4B6C-A1E4-3372E0E5DC83}.Release|x86.ActiveCfg = Release|Win32
		{371A5289-5D56-4B6C-A1E4-3372E0E5DC83}.Release|x86.Build.0 = Release|Win32
		{46E02F49-203D-4677-8DD3-4859B714D654}.Debug|x64.ActiveCfg = Debug|x64
		{46E02F49-203D-4677-8DD3-4859B714D654}.Debug|x64.Build.0 = Debug|x64
		{46E02F49-203D-4677-8DD3-4859B714D654}.Debug|x86.ActiveCfg = Debug|Win32
		{46E02F49-203D-4677-8DD3-4859B714D654}.Debug|x86.Build.0 = Debug|Win32
		{46E02F49-203D-4677-8DD3-4859B714D654}.Release|x64.ActiveCfg = Release|x64
		{46E02F49-203D-4677-8DD3-4859B714D654}.Release|x64.Build.0 = Release|x64
		{46E02F49-203D-4677-8DD3-4859B714D654}.Release|x86.ActiveCfg = Release|Win32
		{46E02F49-203D-4677-8DD3-4859B714D654}.Release|x86.Build.0 = Release|Win32
		{71FD8832-9E0E-4029-B5B7-AC3CE474D207}.Debug|x64.ActiveCfg = Debug|x64
		{71FD8832-9E0E-4029-B5B7-AC3CE474D207}.Debug|x64.Build.0 = Debug|x64
		{71FD8832-9E0E-4029-B5B7-AC3CE474D207}.Debug|x86.ActiveCfg = Debug|Win32
		{71FD8832-9E0E-4029-B5B7-AC3CE474D207}.Debug|x86.Build.0 = Debug|Win32
		{71FD8832-9E0E-4029-B5B7-AC3CE474D207}.Release|x64.ActiveCfg = Release|x64
		{71FD8832-9E0E-4029-B5B7-AC3CE474D207}.Release|x64.Build.0 = Release|x64
		{71FD8832-9E0E-4029-B5B7-AC3CE474D207}.Release|x86.ActiveCfg = Release|Win32
		{71FD8832-9E0E-4029-B5B7-AC3CE474D207}.Release|x86.Build.0 = Release|Win32
		{60342020-411D-4C9D-9AA3-C47305A458CA}.Debug|x64.ActiveCfg = Debug|x64
		{60342020-411D-4C9D-9AA3-C47305A458CA}.Debug|x64.Build.0 = Debug|x64
		{60342020-411D-4C9D-9AA3-C47305A458CA}.Debug|x86.ActiveCfg = Debug|Win32
		{60342020-411D-4C9D-9AA3-C47305A458CA}.Debug|x86.Build.0 = Debug|Win32
		{60342020-411D-4C9D-9AA3-C47305A458CA}.Release|x64.ActiveCfg = Release|x64
		{60342020-411D-4C9D-9AA3-C47305A458CA}.Release|x64.Build.0 = Release|x64
		{60342020-411D-4C9D-9AA3-C47305A458CA}.Release|x86.ActiveCfg = Release|Win32
		{60342020-411D-4C9D-9AA3-C47305A458CA}.Release|x86.Build.0 = Release|Win32
		{6E02790C-40CF-4575-9162-A3F543DCE7B9}.Debug|x64.ActiveCfg = Debug|x64
		{6E02790C-40CF-4575-9162-A3F543DCE7B9}.Debug|x64.Build.0 = Debug|x64
		{6E02790C-40CF-4575-9162-A3F543DCE7B9}.Debug|x86.ActiveCfg = Debug|Win32
		{6E02790C-40CF-4575-9162-A3F543DCE7B9}.Debug|x86.Build.0 = Debug|Win32
		{6E02790C-40CF-4575-9162-A3F543DCE7B9}.Release|x64.ActiveCfg = Release|x64
		{6E02790C-40CF-4575-9162-A3F543DCE7B9}.Release|x64.Build.0 = Release|x64
		{6E02790C-40CF-4575-9162-A3F543DCE7B9}.Release|x86.ActiveCfg = Release|Win32
		{6E02790C-40CF-4575-9162-A3F543DCE7B9}.Release|x86.Build.0 = Release|Win32
		{F21DE631-524F-40E8-BBAE-EA9C39426443}.Debug|x64.ActiveCfg = Debug|x64
		{F21DE631-524F-40E8-BBAE-EA9C39426443}.Debug|x64.Build.0 = Debug|x64
		{F21DE631-524F-40E8-BBAE-EA9C39426443}.Debug|x86.ActiveCfg = Debug|Win32
		{F21DE631-524F-40E8-BBAE-EA9C39426443}.Debug|x86.Build.0 = Debug|Win32
		{F21DE631-524F-40E8-BBAE-EA9C39426443}.Release|x64.ActiveCfg = Release|x64
		{F21DE631-524F-40E8-BBAE-EA9C39426443}.Release|x64.Build.0 = Release|x64
		{F21DE631-524F-40E8-BBAE-EA9C39426443}.Release|x86.ActiveCfg = Release|Win32
		{F21DE631-524F-40E8-BBAE-EA9C39426443}.Release|x86.Build.0 = Release|Win32
		{8CA72A34-3CBE-4C70-BD7C-0086D59E15B2}.Debug|x64.ActiveCfg = Debug|x64
		{8CA72A34-3CBE-4C70-BD7C-0086D59E15B2}.Debug|x64.Build.0 = Debug|x64
		{8CA72A34-3CBE-4C70-BD7C-0086D59E15B2}.Debug|x86.ActiveCfg = Debug|Win32
		{8CA72A34-3CBE-4C70-BD7C-0086D59E15B2}.Debug|x86.Build.0 = Debug|Win32
		{8CA72A34-3CBE-4C70-BD7C-0086D59E15B2}.Release|x64.ActiveCfg = Release|x64
		{8CA72A34-3CBE-4C70-BD7C-0086D59E15B2}.Release|x64.Build.0 = Release|x64
		{8CA72A34-3CBE-4C70-BD7C-0086D59E15B2}.Release|x86.ActiveCfg = Release|Win32
		{8CA72A34-3CBE-4C70-BD7C-0086D59E15B2}.Release|x86.Build.0 = Release|Win32
		{E05E39B9-01E1-4B0F-A872-C979143BB25E}.Debug|x64.ActiveCfg = Debug|x64
		{E05E39B9-01E1-4B0F-A872-C979143BB25E}.Debug|x64.Build.0 = Debug|x64
		{E05E39B9-01E1-4B0F-A872-C979143BB25E}.Debug|x86.ActiveCfg = Debug|Win32
		{E05E39B9-01E1-4B0F-A872-C979143BB25E}.Debug|x86.Build.0 = Debug|Win32
		{E05E39B9-01E1-4B0F-A872-C979143BB25E}.Release|x64.ActiveCfg = Release|x64
		{E05E39B9-01E1-4B0F-A872-C979143BB25E}.Release|x64.Build.0 = Release|x64
		{E05E39B9-01E1-4B0F-A872-C979143BB25E}.Release|x86.ActiveCfg = Release|Win32
		{E05E39B9-01E1-4B0F-A872-C979143BB25E}.Release|x86.Build.0 = Release|Win32
		{A8BCF34D-E437-48D9-B9FE-6DF53ED5C6EC}.Debug|x64.ActiveCfg = Debug|x64
		{A8BCF34D-E437-48D9-B9FE-6DF53ED5C6EC}.Debug|x64.Build.0 = Debug|x64
		{A8BCF34D-E437-48D9-B9FE-6DF53ED5C6EC}.Debug|x86.ActiveCfg = Debug|Win32
		{A8BCF34D-E437-48D9-B9FE-6DF53ED5C6EC}.Debug|x86.Build.0 = Debug|Win32
		{A8BCF34D-E437-48D9-B9FE-6DF53ED5C6EC}.Release|x64.ActiveCfg = Release|x64
		{A8BCF34D-E437-48D9-B9FE-6DF53ED5C6EC}.Release|x64.Build.0 = Release|x64
		{A8BCF34D-E437-48D9-B9FE-6DF53ED5C6EC}.Release|x86.ActiveCfg = Release|Win32
		{A8BCF34D-E437-48D9-B9FE-6DF53ED5C6EC}.Release|x86.Build.0 = Release|Win32
		{A057A877-AEE5-4291-8822-9878F4C38899}.Debug|x64.ActiveCfg = Debug|x64
		{A057A877-AEE5-4291-8822-9878F4C38899}.Debug|x64.Build.0 = Debug|x64
		{A057A877-AEE5-4291-8822-9878F4C38899}.Debug|x86.ActiveCfg = Debug|Win32
		{A057A877-AEE5-4291-8822-9878F4C38899}.Debug|x86.Build.0 = Debug|Win32
		{A057A877-AEE5-4291-8822-9878F4C38899}.Release|x64.ActiveCfg = Release|x64
		{A057A877-AEE5-4291-8822-9878F4C38899}.Release|x64.Build.0 = Release|x64
		{A057A877-AEE5-4291-8822-9878F4C38899}.Release|x86.ActiveCfg = Release|Win32
		{A057A877-AEE5-4291-8822-9878F4C38899}.Release|x86.Build.0 = Release|Win32
		{31D3E6DE-51F6-412E-A509-6B7D7A0118AA}.Debug|x64.ActiveCfg = Debug|x64
		{31D3E6DE-51F6-412E-A509-6B7D7A0118AA}.Debug|x64.Build.0 = Debug|x64
		{31D3E6DE-51F6-412E-A509-6B7D7A0118AA}.Debug|x86.ActiveCfg = Debug|Win32
		{31D3E6DE-51F6-412E-A509-6B7D7A0118AA}.Debug|x86.Build.0 = Debug|Win32
		{31D3E6DE-51F6-412E-A509-6B7D7A0118AA}.Release|x64.ActiveCfg = Release|x64
		{31D3E6DE-51F6-412E-A509-6B7D7A0118AA}.Release|x64.Build.0 = Release|x64
		{31D3E6DE-51F6-412E-A509-6B7D7A0118AA}.Release|x86.ActiveCfg = Release|Win32
		{31D3E6DE-51F6-412E-A509-6B7D7A0118AA}.Release|x86.Build.0 = Release|Win32
		{4F8AE442-1A6C-4C40-A2C2-433D0CF6D572}.Debug|x64.ActiveCfg = Debug|x64
		{4F8AE442-1A6C-4C40-A2C2-433D0CF6D572}.Debug|x64.Build.0 = Debug|x64
		{4F8AE442-1A6C-4C40-A2C2-433D0CF6D572}.Debug|x86.ActiveCfg = Debug|Win32
		{4F8AE442-1A6C-4C40-A2C2-433D0CF6D572}.Debug|x86.Build.0 = Debug|Win32
		{4F8AE442-1A6C-4C40-A2C2-433D0CF6D572}.Release|x64.ActiveCfg = Release|x64
		{4F8AE442-1A6C-4C40-A2C2-433D0CF6D572}.Release|x64.Build.0 = Release|x64
		{4F8AE442-1A6C-4C40-A2C2-433D0CF6D572}.Release|x86.ActiveCfg = Release|Win32
		{4F8AE442-1A6C-4C40-A2C2-433D0CF6D572}.Release|x86.Build.0 = Release|Win32
		{2DD64042-D7B5-4727-BAEB-ACAC58B6D400}.Debug|x64.ActiveCfg = Debug|x64
		{2DD64042-D7B5-4727-BAEB-ACAC58B6D400}.Debug|x64.Build.0 = Debug|x64
		{2DD64042-D7B5-4727-BAEB-ACAC58B6D400}.Debug|x86.ActiveCfg = Debug|Win32
		{2DD64042-D7B5-4727-BAEB-ACAC58B6D400}.Debug|x86.Build.0 = Debug|Win32
		{2DD64042-D7B5-4727-BAEB-ACAC58B6D400}.Release|x64.ActiveCfg = Release|x64
		{2DD64042-D7B5-4727-BAEB-ACAC58B6D400}.Release|x64.Build.0 = Release|x64
		{2DD64042-D7B5-4727-BAEB-ACAC58B6D400}.Release|x86.ActiveCfg = Release|Win32
		{2DD64042-D7B5-4727-BAEB-ACAC58B6D400}.Release|x86.Build.0 = Release|Win32
		{E0241F63-8E3D-45FF-B156-EF322F06BFEE}.Debug|x64.ActiveCfg = Debug|x64
		{E0241F63-8E3D-45FF-B156-EF322F06BFEE}.Debug|x64.Build.0 = Debug|x64
		{E0241F63-8E3D-45FF-B156-EF322F06BFEE}.Debug|x86.ActiveCfg = Debug|Win32
		{E0241F63-8E3D-45FF-B156-EF322F06BFEE}.Debug|x86.Build.0 = Debug|Win32
		{E0241F63-8E3D-45FF-B156-EF322F06BFEE}.Release|x64.ActiveCfg = Release|x64
		{E0241F63-8E3D-45FF-B156-EF322F06BFEE}.Release|x64.Build.0 = Release|x64
		{E0241F63-8E3D-45FF-B156-EF322F06BFEE}.Release|x86.ActiveCfg = Release|Win32
		{E0241F63-8E3D-45FF-B156-EF322F06BFEE}.Release|x86.Build.0 = Release|Win32
		{ABF012A9-CF82-4244-97AF-17EC825F225D}.Debug|x64.ActiveCfg = Debug|x64
		{ABF012A9-CF82-4244-97AF-17EC825F225D}.Debug|x64.Build.0 = Debug|x64
		{ABF012A9-CF82-4244-97AF-17EC825F225D}.Debug|x86.ActiveCfg = Debug|Win32
		{ABF012A9-CF82-4244-97AF-17EC825F225D}.Debug|x86.Build.0 = Debug|Win32
		{ABF012A9-CF82-4244-97AF-17EC825F225D}.Release|x64.ActiveCfg = Release|x64
		{ABF012A9-CF82-4244-97AF-17EC825F225D}.Release|x64.Build.0 = Release|x64
		{ABF012A9-CF82-4244-97AF-17EC825F225D}.Release|x86.ActiveCfg = Release|Win32
		{ABF012A9-CF82-4244-97AF-17EC825F225D}.Release|x86.Build.0 = Release|Win32
		{D402EF74-4F53-4BD4-B3C0-EFD3533380A4}.Debug|x64.ActiveCfg = Debug|x64
		{D402EF74-4F53-4BD4-B3C0-EFD3533380A4}.Debug|x64.Build.0 = Debug|x64
		{D402EF74-4F53-4BD4-B3C0-EFD3533380A4}.Debug|x86.ActiveCfg = Debug|Win32
		{D402EF74-4F53-4BD4-B3C0-EFD3533380A4}.Debug|x86.Build.0 = Debug|Win32
		{D402EF74-4F53-4BD4-B3C0-EFD3533380A4}.Release|x64.ActiveCfg = Release|x64
		{D402EF74-4F53-4BD4-B3C0-EFD3533380A4}.Release|x64.Build.0 = Release|x64
		{D402EF74-4F53-4BD4-B3C0-EFD3533380A4}.Release|x86.ActiveCfg = Release|Win32
		{D402EF74-4F53-4BD4-B3C0-EFD3533380A4}.Release|x86.Build.0 = Release|Win32
		{1D3FFB63-5146-4190-8619-64F7DBA93722}.Debug|x64.ActiveCfg = Debug|x64
		{1D3FFB63-5146-4190-8619-64F7DBA93722}.Debug|x64.Build.0 = Debug|x64
		{1D3FFB63-5146-4190-8619-64F7DBA93722}.Debug|x86.ActiveCfg = Debug|Win32
		{1D3FFB63-5146-4190-8619-64F7DBA93722}.Debug|x86.Build.0 = Debug|Win32
		{1D3FFB63-5146-4190-8619-64F7DBA93722}.Release|x64.ActiveCfg = Release|x64
		{1D3FFB63-5146-4190-8619-64F7DBA93722}.Release|x64.Build.0 = Release|x64
		{1D3FFB63-5146-4190-8619-64F7DBA93722}.Release|x86.ActiveCfg = Release|Win32
		{1D3FFB63-5146-4190-8619-64F7DBA93722}.Release|x86.Build.0 = Release|Win32
		{9981E16A-D608-44FA-A7FA-DD5BE9CCE402}.Debug|x64.ActiveCfg = Debug|x64
		{9981E16A-D608-44FA-A7FA-DD5BE9CCE402}.Debug|x64.Build.0 = Debug|x64
		{9981E16A-D608-44FA-A7FA-DD5BE9CCE402}.Debug|x86.ActiveCfg = Debug|Win32
		{9981E16A-D608-44FA-A7FA-DD5BE9CCE402}.Debug|x86.Build.0 = Debug|Win32
		{9981E16A-D608-44FA-A7FA-DD5BE9CCE402}.Release|x64.ActiveCfg = Release|x64
		{9981E16A-D608-44FA-A7FA-DD5BE9CCE402}.Release|x64.Build.0 = Release|x64
		{9981E16A-D608-44FA-A7FA-DD5BE9CCE402}.Release|x86.ActiveCfg = Release|Win32
		{9981E16A-D608-44FA-A7FA-DD5BE9CCE402}.Release|x86.Build.0 = Release|Win32
		{CDEE817D-BDC0-46E1-9E5C-278C7D8408A9}.Debug|x64.ActiveCfg = Debug|x64
		{CDEE817D-BDC0-46E1-9E5C-278C7D8408A9}.Debug|x64.Build.0 = Debug|x64
		{CDEE817D-BDC0-46E1-9E5C-278C7D8408A9}.Debug|x86.ActiveCfg = Debug|Win32
		{CDEE817D-BDC0-46E1-9E5C-278C7D8408A9}.Debug|x86.Build.0 = Debug|Win32
		{CDEE817D-BDC0-46E1-9E5C-278C7D8408A9}.Release|x64.ActiveCfg = Release|x64
		{CDEE817D-BDC0-46E1-9E5C-278C7D8408A9}.Release|x64.Build.0 = Release|x64
		{CDEE817D-BDC0-46E1-9E5C-278C7D8408A9}.Release|x86.ActiveCfg = Release|Win32
		{CDEE817D-BDC0-46E1-9E5C-278C7D8408A9}.Release|x86.Build.0 = Release|Win32
		{1307D70F-D508-4CBB-AAFF-50362C5F14AC}.Debug|x64.ActiveCfg = Debug|x64
		{1307D70F-D508-4CBB-AAFF-50362C5F14AC}.Debug|x64.Build.0 = Debug|x64
		{1307D70F-D508-4CBB-AAFF-50362C5F14AC}.Debug|x86.ActiveCfg = Debug|Win32
		{1307D70F-D508-4CBB-AAFF-50362C5F14AC}.Debug|x86.Build.0 = Debug|Win32
		{1307D70F-D508-4CBB-AAFF-50362C5F14AC}.Release|x64.ActiveCfg = Release|x64
		{1307D70F-D508-4CBB-AAFF-50362C5F14AC}.Release|x64.Build.0 = Release|x64
		{1307D70F-D508-4CBB-AAFF-50362C5F14AC}.Release|x86.ActiveCfg = Release|Win32
		{1307D70F-D508-4CBB-AAFF-50362C5F14AC}.Release|x86.Build.0 = Release|Win32
		{398F687A-7E49-44F4-95DD-94B0B682B01A}.Debug|x64.ActiveCfg = Debug|x64
		{398F687A-7E49-44F4-95DD-94B0B682B01A}.Debug|x64.Build.0 = Debug|x64
		{398F687A-7E49-44F4-95DD-94B0B682B01A}.Debug|x86.ActiveCfg = Debug|Win32
		{398F687A-7E49-44F4-95DD-94B0B682B01A}.Debug|x86.Build.0 = Debug|Win32
		{398F687A-7E49-44F4-95DD-94B0B682B01A}.Release|x64.ActiveCfg = Release|x64
		{398F687A-7E49-44F4-95DD-94B0B682B01A}.Release|x64.Build.0 = Release|x64
		{398F687A-7E49-44F4-95DD-94B0B682B01A}.Release|x86.ActiveCfg = Release|Win32
		{398F687A-7E49-44F4-95DD-94B0B682B01A}.Release|x86.Build.0 = Release|Win32
		{1D1A2419-C1F4-4528-B8C6-D3433DA4BDCB}.Debug|x64.ActiveCfg = Debug|x64
		{1D1A2419-C1F4-4528-B8C6-D3433DA4BDCB}.Debug|x64.Build.0 = Debug|x64
		{1D1A2419-C1F4-4528-B8C6-D3433DA4BDCB}.Debug|x86.ActiveCfg = Debug|Win32
		{1D1A2419-C1F4-4528-B8C6-D3433DA4BDCB}.Debug|x86.Build.0 = Debug|Win32
		{1D1A2419-C1F4-4528-B8C6-D3433DA4BDCB}.Release|x64.ActiveCfg = Release|x64
		{1D1A2419-C1F4-4528-B8C6-D3433DA4BDCB}.Release|x64.Build.0 = Release|x64
		{1D1A2419-C1F4-4528-B8C6-D3433DA4BDCB}.Release|x86.ActiveCfg = Release|Win32
		{1D1A2419-C1F4-4528-B8C6-D3433DA4BDCB}.Release|x86.Build.0 = Release|Win32
		{3F1201C9-044C-4DB0-9220-01CCBB7CF15B}.Debug|x64.ActiveCfg = Debug|x64
		{3F1201C9-044C-4DB0-9220-01CCBB7CF15B}.Debug|x64.Build.0 = Debug|x64
		{3F1201C9-044C-4DB0-9220-01CCBB7CF15B}.Debug|x86.ActiveCfg = Debug|Win32
		{3F1201C9-044C-4DB0-9220-01CCBB7CF15B}.Debug|x86.Build.0 = Debug|Win32
		{3F1201C9-044C-4DB0-9220-01CCBB7CF15B}.Release|x64.ActiveCfg = Release|x64
		{3F1201C9-044C-4DB0-9220-01CCBB7CF15B}.Release|x64.Build.0 = Release|x64
		{3F1201C9-044C-4DB0-9220-01CCBB7CF15B}.Release|x86.ActiveCfg = Release|Win32
		{3F1201C9-044C-4DB0-9220-01CCBB7CF15B}.Release|x86.Build.0 = Release|Win32
		{A0492FBB-6012-45C4-9E81-8949D12358A5}.Debug|x64.ActiveCfg = Debug|x64
		{A0492FBB-6012-45C4-9E81-8949D12358A5}.Debug|x64.Build.0 = Debug|x64
		{A0492FBB-6012-45C4-9E81-8949D12358A5}.Debug|x86.ActiveCfg = Debug|Win32
		{A0492FBB-6012-45C4-9E81-8949D12358A5}.Debug|x86.Build.0 = Debug|Win32
		{A0492FBB-6012-45C4-9E81-8949D12358A5}.Release|x64.ActiveCfg = Release|x64
		{A0492FBB-6012-45C4-9E81-8949D12358A5}.Release|x64.Build.0 = Release|x64
		{A0492FBB-6012-45C4-9E81-8949D12358A5}.Release|x86.ActiveCfg = Release|Win32
		{A0492FBB-6012-45C4-9E81-8949D12358A5}.Release|x86.Build.0 = Release|Win32
		{17F42732-5656-452D-B43E-697040D2CE96}.Debug|x64.ActiveCfg = Debug|x64
		{17F42732-5656-452D-B43E-697040D2CE96}.Debug|x64.Build.0 = Debug|x64
		{17F42732-5656-452D-B43E-697040D2CE96}.Debug|x86.ActiveCfg = Debug|Win32
		{17F42732-5656-452D-B43E-697040D2CE96}.Debug|x86.Build.0 = Debug|Win32
		{17F42732-5656-452D-B43E-697040D2CE96}.Release|x64.ActiveCfg = Release|x64
		{17F42732-5656-452D-B43E-697040D2CE96}.Release|x64.Build.0 = Release|x64
		{17F42732-5656-452D-B43E-697040D2CE96}.Release|x86.ActiveCfg = Release|Win32
		{17F42732-5656-452D-B43E-697040D2CE96}.Release|x86.Build.0 = Release|Win32
		{6B811061-F8F8-436A-8490-B0E08EDD95B9}.Debug|x64.ActiveCfg = Debug|x64
		{6B811061-F8F8-436A-8490-B0E08EDD95B9}.Debug|x64.Build.0 = Debug|x64
		{6B811061-F8F8-436A-8490-B0E08EDD95B9}.Debug|x86.ActiveCfg = Debug|Win32
		{6B811061-F8F8-436A-8490-B0E08EDD95B9}.Debug|x86.Build.0 = Debug|Win32
		{6B811061-F8F8-436A-8490-B0E08EDD95B9}.Release|x64.ActiveCfg = Release|x64
		{6B811061-F8F8-436A-8490-B0E08EDD95B9}.Release|x64.Build.0 = Release|x64
		{6B811061-F8F8-436A-8490-B0E08EDD95B9}.Release|x86.ActiveCfg = Release|Win32
		{6B811061-F8F8-436A-8490-B0E08EDD95B9}.Release|x86.Build.0 = Release|Win32
		{A1219435-7A15-4313-90A7-4A9406083ED7}.Debug|x64.ActiveCfg = Debug|x64
		{A1219435-7A15-4313-90A7-4A9406083ED7}.Debug|x64.Build.0 = Debug|x64
		{A1219435-7A15-4313-90A7-4A9406083ED7}.Debug|x86.ActiveCfg = Debug|Win32
		{A1219435-7A15-4313-90A7-4A9406083ED7}.Debug|x86.Build.0 = Debug|Win32
		{A1219435-7A15-4313-90A7-4A9406083ED7}.Release|x64.ActiveCfg = Release|x64
		{A1219435-7A15-4313-90A7-4A9406083ED7}.Release|x64.Build.0 = Release|x64
		{A1219435-7A15-4313-90A7-4A9406083ED7}.Release|x86.ActiveCfg = Release|Win32
		{A1219435-7A15-4313-90A7-4A9406083ED7}.Release|x86.Build.0 = Release|Win32
		{B63DA882-1904-4C98-98E9-8141B66F346C}.Debug|x64.ActiveCfg = Debug|x64
		{B63DA882-1904-4C98-98E9-8141B66F346C}.Debug|x64.Build.0 = Debug|x64
		{B63DA882-1904-4C98-98E9-8141B66F346C}.Debug|x86.ActiveCfg = Debug|Win32
		{B63DA882-1904-4C98-98E9-8141B66F346C}.Debug|x86.Build.0 = Debug|Win32
		{B63DA882-1904-4C98-98E9-8141B66F346C}.Release|x64.ActiveCfg = Release|x64
		{B63DA882-1904-4C98-98E9-8141B66F346C}.Release|x64.Build.0 = Release|x64
		{B63DA882-1904-4C98-98E9-8141B66F346C}.Release|x86.ActiveCfg = Release|Win32
		{B63DA882-1904-4C98-98E9-8141B66F346C}.Release|x86.Build.0 = Release|Win32
		{BE249D2B-39C5-4178-8BF0-C291EE03E02D}.Debug|x64.ActiveCfg = Debug|x64
		{BE249D2B-39C5-4178-8BF0-C291EE03E02D}.Debug|x64.Build.0 = Debug|x64
		{BE249D2B-39C5-4178-8BF0-C291EE03E02D}.Debug|x86.ActiveCfg = Debug|Win32
		{BE249D2B-39C5-4178-8BF0-C291EE03E02D}.Debug|x86.Build.0 = Debug|Win32
		{BE249D2B-39C5-4178-8BF0-C291EE03E02D}.Release|x64.ActiveCfg = Release|x64
		{BE249D2B-39C5-4178-8BF0-C291EE03E02D}.Release|x64.Build.0 = Release|x64
		{BE249D2B-39C5-4178-8BF0-C291EE03E02D}.Release|x86.ActiveCfg = Release|Win32
		{BE249D2B-39C5-4178-8BF0-C291EE03E02D}.Release|x86.Build.0 = Release|Win32
		{AA1E1F99-A4A2-4976-BD70-7DA034A0447B}.Debug|x64.ActiveCfg = Debug|x64
		{AA1E1F99-A4A2-4976-BD70-7DA034A0447B}.Debug|x64.Build.0 = Debug|x64
		{AA1E1F99-A4A2-4976-BD70-7DA034A0447B}.Debug|x86.ActiveCfg = Debug|Win32
		{AA1E1F99-A4A2-4976-BD70-7DA034A0447B}.Debug|x86.Build.0 = Debug|Win32
		{AA1E1F99-A4A2-4976-BD70-7DA034A0447B}.Release|x64.ActiveCfg = Release|x64
		{AA1E1F99-A4A2-4976-BD70-7DA034A0447B}.Release|x64.Build.0 = Release|x64
		{AA1E1F99-A4A2-4976-BD70-7DA034A0447B}.Release|x86.ActiveCfg = Release|Win32
		{AA1E1F99-A4A2-4976-BD70-7DA034A0447B}.Release|x86.Build.0 = Release|Win32
		{3788078A-2164-4985-8A4E-B7F8B0815BF5}.Debug|x64.ActiveCfg = Debug|x64
		{3788078A-2164-4985-8A4E-B7F8B0815BF5}.Debug|x64.Build.0 = Debug|x64
		{3788078A-2164-4985-8A4E-B7F8B0815BF5}.Debug|x86.ActiveCfg = Debug|Win32
		{3788078A-2164-4985-8A4E-B7F8B0815BF5}.Debug|x86.Build.0 = Debug|Win32
		{3788078A-2164-4985-8A4E-B7F8B0815BF5}.Release|x64.ActiveCfg = Release|x64
		{3788078A-2164-4985-8A4E-B7F8B0815BF5}.Release|x64.Build.0 = Release|x64
		{3788078A-2164-4985-8A4E-B7F8B0815BF5}.Release|x86.ActiveCfg = Release|Win32
		{3788078A-2164-4985-8A4E-B7F8B0815BF5}.Release|x86.Build.0 = Release|Win32
		{A6FAEBAA-48BE-4BE3-BB30-C53FCEE1B8F2}.Debug|x64.ActiveCfg = Debug|x64
		{A6FAEBAA-48BE-4BE3-BB30-C53FCEE1B8F2}.Debug|x64.Build.0 = Debug|x64
		{A6FAEBAA-48BE-4BE3-BB30-C53FCEE1B8F2}.Debug|x86.ActiveCfg = Debug|Win32
		{A6FAEBAA-48BE-4BE3-BB30-C53FCEE1B8F2}.Debug|x86.Build.0 = Debug|Win32
		{A6FAEBAA-48BE-4BE3-BB30-C53FCEE1B8F2}.Release|x64.ActiveCfg = Release|x64
		{A6FAEBAA-48BE-4BE3-BB30-C53FCEE1B8F2}.Release|x64.Build.0 = Release|x64
		{A6FAEBAA-48BE-4BE3-BB30-C53FCEE1B8F2}.Release|x86.ActiveCfg = Release|Win32
		{A6FAEBAA-48BE-4BE3-BB30-C53FCEE1B8F2}.Release|x86.Build.0 = Release|Win32
		{B80A68DD-21B6-4105-AE1E-E34562C5B168}.Debug|x64.ActiveCfg = Debug|x64
		{B80A68DD-21B6-4105-AE1E-E34562C5B168}.Debug|x64.Build.0 = Debug|x64
		{B80A68DD-21B6-4105-AE1E-E34562C5B168}.Debug|x86.ActiveCfg = Debug|Win32
		{B80A68DD-21B6-4105-AE1E-E34562C5B168}.Debug|x86.Build.0 = Debug|Win32
		{B80A68DD-21B6-4105-AE1E-E34562C5B168}.Release|x64.ActiveCfg = Release|x64
		{B80A68DD-21B6-4105-AE1E-E34562C5B168}.Release|x64.Build.0 = Release|x64
		{B80A68DD-21B6-4105-AE1E-E34562C5B168}.Release|x86.ActiveCfg = Release|Win32
		{B80A68DD-21B6-4105-AE1E-E34562C5B168}.Release|x86.Build.0 = Release|Win32
	EndGlobalSection
	GlobalSection(SolutionProperties) = preSolution
		HideSolutionNode = FALSE
	EndGlobalSection
	GlobalSection(ExtensibilityGlobals) = postSolution
		SolutionGuid = {F6D5B006-3076-4FC9-90BA-55E3A1AFFCD8}
	EndGlobalSection
EndGlobal
