
Microsoft Visual Studio Solution File, Format Version 12.00
# Visual Studio Version 17
VisualStudioVersion = 17.2.32616.157
MinimumVisualStudioVersion = 10.0.40219.1
Project("{8BC9CEB8-8B4A-11D0-8D11-00A0C91BC942}") = "Exo sans nom", "Exo sans nom\Exo sans nom.vcxproj", "{0D6F7DE1-BC17-4CCB-AAC3-E617E29746D5}"
EndProject
Project("{8BC9CEB8-8B4A-11D0-8D11-00A0C91BC942}") = "correction", "correction\correction.vcxproj", "{91E9FDCA-CD43-45FE-AB7C-AAC599E39FED}"
EndProject
Global
	GlobalSection(SolutionConfigurationPlatforms) = preSolution
		Debug|x64 = Debug|x64
		Debug|x86 = Debug|x86
		Release|x64 = Release|x64
		Release|x86 = Release|x86
	EndGlobalSection
	GlobalSection(ProjectConfigurationPlatforms) = postSolution
		{0D6F7DE1-BC17-4CCB-AAC3-E617E29746D5}.Debug|x64.ActiveCfg = Debug|x64
		{0D6F7DE1-BC17-4CCB-AAC3-E617E29746D5}.Debug|x64.Build.0 = Debug|x64
		{0D6F7DE1-BC17-4CCB-AAC3-E617E29746D5}.Debug|x86.ActiveCfg = Debug|Win32
		{0D6F7DE1-BC17-4CCB-AAC3-E617E29746D5}.Debug|x86.Build.0 = Debug|Win32
		{0D6F7DE1-BC17-4CCB-AAC3-E617E29746D5}.Release|x64.ActiveCfg = Release|x64
		{0D6F7DE1-BC17-4CCB-AAC3-E617E29746D5}.Release|x64.Build.0 = Release|x64
		{0D6F7DE1-BC17-4CCB-AAC3-E617E29746D5}.Release|x86.ActiveCfg = Release|Win32
		{0D6F7DE1-BC17-4CCB-AAC3-E617E29746D5}.Release|x86.Build.0 = Release|Win32
		{91E9FDCA-CD43-45FE-AB7C-AAC599E39FED}.Debug|x64.ActiveCfg = Debug|x64
		{91E9FDCA-CD43-45FE-AB7C-AAC599E39FED}.Debug|x64.Build.0 = Debug|x64
		{91E9FDCA-CD43-45FE-AB7C-AAC599E39FED}.Debug|x86.ActiveCfg = Debug|Win32
		{91E9FDCA-CD43-45FE-AB7C-AAC599E39FED}.Debug|x86.Build.0 = Debug|Win32
		{91E9FDCA-CD43-45FE-AB7C-AAC599E39FED}.Release|x64.ActiveCfg = Release|x64
		{91E9FDCA-CD43-45FE-AB7C-AAC599E39FED}.Release|x64.Build.0 = Release|x64
		{91E9FDCA-CD43-45FE-AB7C-AAC599E39FED}.Release|x86.ActiveCfg = Release|Win32
		{91E9FDCA-CD43-45FE-AB7C-AAC599E39FED}.Release|x86.Build.0 = Release|Win32
	EndGlobalSection
	GlobalSection(SolutionProperties) = preSolution
		HideSolutionNode = FALSE
	EndGlobalSection
	GlobalSection(ExtensibilityGlobals) = postSolution
		SolutionGuid = {E0412391-1DE9-4D40-BA00-DF63DCC8F670}
	EndGlobalSection
EndGlobal
